
Microsoft Visual Studio Solution File, Format Version 12.00
# Visual Studio Version 16
VisualStudioVersion = 16.0.29709.97
MinimumVisualStudioVersion = 10.0.40219.1
Project("{FAE04EC0-301F-11D3-BF4B-00C04F79EFBC}") = "CRMDataManager", "CRMDataManager\CRMDataManager.csproj", "{375B3EF8-D29C-4459-9B41-D74E357D1079}"
EndProject
Project("{00D1A9C2-B5F0-4AF3-8072-F6C62B433612}") = "CRMData", "CRMData\CRMData.sqlproj", "{93867A28-9171-4339-9E40-EE2A7796CEA1}"
EndProject
Project("{FAE04EC0-301F-11D3-BF4B-00C04F79EFBC}") = "CRMDesktopUI", "CRMDesktopUI\CRMDesktopUI.csproj", "{39D63BA4-3EEE-45A7-A1FA-DEBE7E96DCD4}"
EndProject
Project("{FAE04EC0-301F-11D3-BF4B-00C04F79EFBC}") = "CRMDataManager.Library", "CRMDataManager.Library\CRMDataManager.Library.csproj", "{329943A3-2206-4A23-AB17-8F02B3CE3C11}"
EndProject
Project("{FAE04EC0-301F-11D3-BF4B-00C04F79EFBC}") = "CRMDesktopUI.Library", "CRMDesktopUI.Library\CRMDesktopUI.Library.csproj", "{6B0EA495-8031-48DE-AC09-7C3F37BA976C}"
EndProject
Global
	GlobalSection(SolutionConfigurationPlatforms) = preSolution
		Debug|Any CPU = Debug|Any CPU
		Release|Any CPU = Release|Any CPU
	EndGlobalSection
	GlobalSection(ProjectConfigurationPlatforms) = postSolution
		{375B3EF8-D29C-4459-9B41-D74E357D1079}.Debug|Any CPU.ActiveCfg = Debug|Any CPU
		{375B3EF8-D29C-4459-9B41-D74E357D1079}.Debug|Any CPU.Build.0 = Debug|Any CPU
		{375B3EF8-D29C-4459-9B41-D74E357D1079}.Release|Any CPU.ActiveCfg = Release|Any CPU
		{375B3EF8-D29C-4459-9B41-D74E357D1079}.Release|Any CPU.Build.0 = Release|Any CPU
		{93867A28-9171-4339-9E40-EE2A7796CEA1}.Debug|Any CPU.ActiveCfg = Debug|Any CPU
		{93867A28-9171-4339-9E40-EE2A7796CEA1}.Debug|Any CPU.Build.0 = Debug|Any CPU
		{93867A28-9171-4339-9E40-EE2A7796CEA1}.Debug|Any CPU.Deploy.0 = Debug|Any CPU
		{93867A28-9171-4339-9E40-EE2A7796CEA1}.Release|Any CPU.ActiveCfg = Release|Any CPU
		{93867A28-9171-4339-9E40-EE2A7796CEA1}.Release|Any CPU.Build.0 = Release|Any CPU
		{93867A28-9171-4339-9E40-EE2A7796CEA1}.Release|Any CPU.Deploy.0 = Release|Any CPU
		{39D63BA4-3EEE-45A7-A1FA-DEBE7E96DCD4}.Debug|Any CPU.ActiveCfg = Debug|Any CPU
		{39D63BA4-3EEE-45A7-A1FA-DEBE7E96DCD4}.Debug|Any CPU.Build.0 = Debug|Any CPU
		{39D63BA4-3EEE-45A7-A1FA-DEBE7E96DCD4}.Release|Any CPU.ActiveCfg = Release|Any CPU
		{39D63BA4-3EEE-45A7-A1FA-DEBE7E96DCD4}.Release|Any CPU.Build.0 = Release|Any CPU
		{329943A3-2206-4A23-AB17-8F02B3CE3C11}.Debug|Any CPU.ActiveCfg = Debug|Any CPU
		{329943A3-2206-4A23-AB17-8F02B3CE3C11}.Debug|Any CPU.Build.0 = Debug|Any CPU
		{329943A3-2206-4A23-AB17-8F02B3CE3C11}.Release|Any CPU.ActiveCfg = Release|Any CPU
		{329943A3-2206-4A23-AB17-8F02B3CE3C11}.Release|Any CPU.Build.0 = Release|Any CPU
		{6B0EA495-8031-48DE-AC09-7C3F37BA976C}.Debug|Any CPU.ActiveCfg = Debug|Any CPU
		{6B0EA495-8031-48DE-AC09-7C3F37BA976C}.Debug|Any CPU.Build.0 = Debug|Any CPU
		{6B0EA495-8031-48DE-AC09-7C3F37BA976C}.Release|Any CPU.ActiveCfg = Release|Any CPU
		{6B0EA495-8031-48DE-AC09-7C3F37BA976C}.Release|Any CPU.Build.0 = Release|Any CPU
	EndGlobalSection
	GlobalSection(SolutionProperties) = preSolution
		HideSolutionNode = FALSE
	EndGlobalSection
	GlobalSection(ExtensibilityGlobals) = postSolution
		SolutionGuid = {2B10BD2C-F085-4EB2-B309-1DEA6CDFE58D}
	EndGlobalSection
EndGlobal
